
Microsoft Visual Studio Solution File, Format Version 12.00
# Visual Studio Version 17
VisualStudioVersion = 17.2.32526.322
MinimumVisualStudioVersion = 10.0.40219.1
Project("{FAE04EC0-301F-11D3-BF4B-00C04F79EFBC}") = "ASM_T2104E_LuuBinhMinh", "ASM_T2104E_LuuBinhMinh\ASM_T2104E_LuuBinhMinh.csproj", "{5DD970DD-C03B-4E53-93F8-6EF0106E4ED7}"
EndProject
Global
	GlobalSection(SolutionConfigurationPlatforms) = preSolution
		Debug|Any CPU = Debug|Any CPU
		Release|Any CPU = Release|Any CPU
	EndGlobalSection
	GlobalSection(ProjectConfigurationPlatforms) = postSolution
		{5DD970DD-C03B-4E53-93F8-6EF0106E4ED7}.Debug|Any CPU.ActiveCfg = Debug|Any CPU
		{5DD970DD-C03B-4E53-93F8-6EF0106E4ED7}.Debug|Any CPU.Build.0 = Debug|Any CPU
		{5DD970DD-C03B-4E53-93F8-6EF0106E4ED7}.Release|Any CPU.ActiveCfg = Release|Any CPU
		{5DD970DD-C03B-4E53-93F8-6EF0106E4ED7}.Release|Any CPU.Build.0 = Release|Any CPU
	EndGlobalSection
	GlobalSection(SolutionProperties) = preSolution
		HideSolutionNode = FALSE
	EndGlobalSection
	GlobalSection(ExtensibilityGlobals) = postSolution
		SolutionGuid = {E9AD0B6D-E32E-4DBC-8DBE-1D74C10F704F}
	EndGlobalSection
EndGlobal
